// !$*UTF8*$!
{
	archiveVersion = 1;
	classes = {
	};
	objectVersion = 55;
	objects = {

/* Begin PBXBuildFile section */
		685F0766F36468F3D5A5A991 /* SignInView.swift in Sources */ = {isa = PBXBuildFile; fileRef = 685F0DADDB27873ACEFEC911 /* SignInView.swift */; };
		F4D6B71B28875FED00C13EBF /* NewCardForm.swift in Sources */ = {isa = PBXBuildFile; fileRef = F4D6B71A28875FED00C13EBF /* NewCardForm.swift */; };
		F4D6B71D2887621400C13EBF /* CardListView.swift in Sources */ = {isa = PBXBuildFile; fileRef = F4D6B71C2887621400C13EBF /* CardListView.swift */; };
		F4F452D628864580003BB557 /* CloudCardsApp.swift in Sources */ = {isa = PBXBuildFile; fileRef = F4F452D528864580003BB557 /* CloudCardsApp.swift */; };
		F4F452DA28864581003BB557 /* Assets.xcassets in Resources */ = {isa = PBXBuildFile; fileRef = F4F452D928864581003BB557 /* Assets.xcassets */; };
		F4F452DD28864581003BB557 /* Preview Assets.xcassets in Resources */ = {isa = PBXBuildFile; fileRef = F4F452DC28864581003BB557 /* Preview Assets.xcassets */; };
		F4F452E928865370003BB557 /* Card.swift in Sources */ = {isa = PBXBuildFile; fileRef = F4F452E828865370003BB557 /* Card.swift */; };
		F4F452EC28865457003BB557 /* CardRepository.swift in Sources */ = {isa = PBXBuildFile; fileRef = F4F452EB28865457003BB557 /* CardRepository.swift */; };
		F4F452EF288661E1003BB557 /* AuthenticationService.swift in Sources */ = {isa = PBXBuildFile; fileRef = F4F452EE288661E1003BB557 /* AuthenticationService.swift */; };
		F4F452F4288662DC003BB557 /* UserView.swift in Sources */ = {isa = PBXBuildFile; fileRef = F4F452F3288662DC003BB557 /* UserView.swift */; };
		F4F452F6288664EF003BB557 /* UserStatusView.swift in Sources */ = {isa = PBXBuildFile; fileRef = F4F452F5288664EF003BB557 /* UserStatusView.swift */; };
		F4F452F928866FC1003BB557 /* CardListView.Model.swift in Sources */ = {isa = PBXBuildFile; fileRef = F4F452F828866FC1003BB557 /* CardListView.Model.swift */; };
		F4F452FB28867082003BB557 /* CardView.Model.swift in Sources */ = {isa = PBXBuildFile; fileRef = F4F452FA28867082003BB557 /* CardView.Model.swift */; };
		F4F452FD2886714D003BB557 /* CardView.swift in Sources */ = {isa = PBXBuildFile; fileRef = F4F452FC2886714D003BB557 /* CardView.swift */; };
/* End PBXBuildFile section */

/* Begin PBXFileReference section */
		685F0DADDB27873ACEFEC911 /* SignInView.swift */ = {isa = PBXFileReference; fileEncoding = 4; lastKnownFileType = sourcecode.swift; path = SignInView.swift; sourceTree = "<group>"; };
		F4D6B71A28875FED00C13EBF /* NewCardForm.swift */ = {isa = PBXFileReference; lastKnownFileType = sourcecode.swift; path = NewCardForm.swift; sourceTree = "<group>"; };
		F4D6B71C2887621400C13EBF /* CardListView.swift */ = {isa = PBXFileReference; lastKnownFileType = sourcecode.swift; path = CardListView.swift; sourceTree = "<group>"; };
		F4F452D228864580003BB557 /* CloudCards.app */ = {isa = PBXFileReference; explicitFileType = wrapper.application; includeInIndex = 0; path = CloudCards.app; sourceTree = BUILT_PRODUCTS_DIR; };
		F4F452D528864580003BB557 /* CloudCardsApp.swift */ = {isa = PBXFileReference; lastKnownFileType = sourcecode.swift; path = CloudCardsApp.swift; sourceTree = "<group>"; };
		F4F452D928864581003BB557 /* Assets.xcassets */ = {isa = PBXFileReference; lastKnownFileType = folder.assetcatalog; path = Assets.xcassets; sourceTree = "<group>"; };
		F4F452DC28864581003BB557 /* Preview Assets.xcassets */ = {isa = PBXFileReference; lastKnownFileType = folder.assetcatalog; path = "Preview Assets.xcassets"; sourceTree = "<group>"; };
		F4F452E828865370003BB557 /* Card.swift */ = {isa = PBXFileReference; lastKnownFileType = sourcecode.swift; path = Card.swift; sourceTree = "<group>"; };
		F4F452EB28865457003BB557 /* CardRepository.swift */ = {isa = PBXFileReference; lastKnownFileType = sourcecode.swift; path = CardRepository.swift; sourceTree = "<group>"; };
		F4F452EE288661E1003BB557 /* AuthenticationService.swift */ = {isa = PBXFileReference; lastKnownFileType = sourcecode.swift; path = AuthenticationService.swift; sourceTree = "<group>"; };
		F4F452F3288662DC003BB557 /* UserView.swift */ = {isa = PBXFileReference; lastKnownFileType = sourcecode.swift; path = UserView.swift; sourceTree = "<group>"; };
		F4F452F5288664EF003BB557 /* UserStatusView.swift */ = {isa = PBXFileReference; lastKnownFileType = sourcecode.swift; path = UserStatusView.swift; sourceTree = "<group>"; };
		F4F452F828866FC1003BB557 /* CardListView.Model.swift */ = {isa = PBXFileReference; lastKnownFileType = sourcecode.swift; path = CardListView.Model.swift; sourceTree = "<group>"; };
		F4F452FA28867082003BB557 /* CardView.Model.swift */ = {isa = PBXFileReference; lastKnownFileType = sourcecode.swift; path = CardView.Model.swift; sourceTree = "<group>"; };
		F4F452FC2886714D003BB557 /* CardView.swift */ = {isa = PBXFileReference; lastKnownFileType = sourcecode.swift; path = CardView.swift; sourceTree = "<group>"; };
/* End PBXFileReference section */

/* Begin PBXFrameworksBuildPhase section */
		F4F452CF28864580003BB557 /* Frameworks */ = {
			isa = PBXFrameworksBuildPhase;
			buildActionMask = 2147483647;
			files = (
			);
			runOnlyForDeploymentPostprocessing = 0;
		};
/* End PBXFrameworksBuildPhase section */

/* Begin PBXGroup section */
		F4F452C928864580003BB557 = {
			isa = PBXGroup;
			children = (
				F4F452D428864580003BB557 /* CloudCards */,
				F4F452D328864580003BB557 /* Products */,
			);
			sourceTree = "<group>";
		};
		F4F452D328864580003BB557 /* Products */ = {
			isa = PBXGroup;
			children = (
				F4F452D228864580003BB557 /* CloudCards.app */,
			);
			name = Products;
			sourceTree = "<group>";
		};
		F4F452D428864580003BB557 /* CloudCards */ = {
			isa = PBXGroup;
			children = (
				F4F452ED288661CF003BB557 /* Services */,
				F4F452EA28865442003BB557 /* Repositories */,
				F4F452E728865363003BB557 /* Models */,
				F4F452F028866243003BB557 /* Views */,
				F4F452D528864580003BB557 /* CloudCardsApp.swift */,
				F4F452D928864581003BB557 /* Assets.xcassets */,
				F4F452DB28864581003BB557 /* Preview Content */,
			);
			path = CloudCards;
			sourceTree = "<group>";
		};
		F4F452DB28864581003BB557 /* Preview Content */ = {
			isa = PBXGroup;
			children = (
				F4F452DC28864581003BB557 /* Preview Assets.xcassets */,
			);
			path = "Preview Content";
			sourceTree = "<group>";
		};
		F4F452E728865363003BB557 /* Models */ = {
			isa = PBXGroup;
			children = (
				F4F452E828865370003BB557 /* Card.swift */,
			);
			path = Models;
			sourceTree = "<group>";
		};
		F4F452EA28865442003BB557 /* Repositories */ = {
			isa = PBXGroup;
			children = (
				F4F452EB28865457003BB557 /* CardRepository.swift */,
			);
			path = Repositories;
			sourceTree = "<group>";
		};
		F4F452ED288661CF003BB557 /* Services */ = {
			isa = PBXGroup;
			children = (
				F4F452EE288661E1003BB557 /* AuthenticationService.swift */,
			);
			path = Services;
			sourceTree = "<group>";
		};
		F4F452F028866243003BB557 /* Views */ = {
			isa = PBXGroup;
			children = (
				F4F452F128866256003BB557 /* Card */,
				F4F452F22886625E003BB557 /* User */,
			);
			path = Views;
			sourceTree = "<group>";
		};
		F4F452F128866256003BB557 /* Card */ = {
			isa = PBXGroup;
			children = (
				F4F452F728866FA3003BB557 /* ViewModels */,
				F4F452FC2886714D003BB557 /* CardView.swift */,
				F4D6B71A28875FED00C13EBF /* NewCardForm.swift */,
				F4D6B71C2887621400C13EBF /* CardListView.swift */,
			);
			path = Card;
			sourceTree = "<group>";
		};
		F4F452F22886625E003BB557 /* User */ = {
			isa = PBXGroup;
			children = (
				685F0DADDB27873ACEFEC911 /* SignInView.swift */,
				F4F452F3288662DC003BB557 /* UserView.swift */,
				F4F452F5288664EF003BB557 /* UserStatusView.swift */,
			);
			path = User;
			sourceTree = "<group>";
		};
		F4F452F728866FA3003BB557 /* ViewModels */ = {
			isa = PBXGroup;
			children = (
				F4F452F828866FC1003BB557 /* CardListView.Model.swift */,
				F4F452FA28867082003BB557 /* CardView.Model.swift */,
			);
			path = ViewModels;
			sourceTree = "<group>";
		};
/* End PBXGroup section */

/* Begin PBXNativeTarget section */
		F4F452D128864580003BB557 /* CloudCards */ = {
			isa = PBXNativeTarget;
			buildConfigurationList = F4F452E028864581003BB557 /* Build configuration list for PBXNativeTarget "CloudCards" */;
			buildPhases = (
				F4F452CE28864580003BB557 /* Sources */,
				F4F452CF28864580003BB557 /* Frameworks */,
				F4F452D028864580003BB557 /* Resources */,
			);
			buildRules = (
			);
			dependencies = (
			);
			name = CloudCards;
			productName = CloudCards;
			productReference = F4F452D228864580003BB557 /* CloudCards.app */;
			productType = "com.apple.product-type.application";
		};
/* End PBXNativeTarget section */

/* Begin PBXProject section */
		F4F452CA28864580003BB557 /* Project object */ = {
			isa = PBXProject;
			attributes = {
				BuildIndependentTargetsInParallel = 1;
				LastSwiftUpdateCheck = 1340;
				LastUpgradeCheck = 1340;
				TargetAttributes = {
					F4F452D128864580003BB557 = {
						CreatedOnToolsVersion = 13.4;
					};
				};
			};
			buildConfigurationList = F4F452CD28864580003BB557 /* Build configuration list for PBXProject "CloudCards" */;
			compatibilityVersion = "Xcode 13.0";
			developmentRegion = en;
			hasScannedForEncodings = 0;
			knownRegions = (
				en,
				Base,
			);
			mainGroup = F4F452C928864580003BB557;
			productRefGroup = F4F452D328864580003BB557 /* Products */;
			projectDirPath = "";
			projectRoot = "";
			targets = (
				F4F452D128864580003BB557 /* CloudCards */,
			);
		};
/* End PBXProject section */

/* Begin PBXResourcesBuildPhase section */
		F4F452D028864580003BB557 /* Resources */ = {
			isa = PBXResourcesBuildPhase;
			buildActionMask = 2147483647;
			files = (
				F4F452DD28864581003BB557 /* Preview Assets.xcassets in Resources */,
				F4F452DA28864581003BB557 /* Assets.xcassets in Resources */,
			);
			runOnlyForDeploymentPostprocessing = 0;
		};
/* End PBXResourcesBuildPhase section */

/* Begin PBXSourcesBuildPhase section */
		F4F452CE28864580003BB557 /* Sources */ = {
			isa = PBXSourcesBuildPhase;
			buildActionMask = 2147483647;
			files = (
				F4F452F4288662DC003BB557 /* UserView.swift in Sources */,
				F4F452EC28865457003BB557 /* CardRepository.swift in Sources */,
				F4F452E928865370003BB557 /* Card.swift in Sources */,
				F4F452D628864580003BB557 /* CloudCardsApp.swift in Sources */,
				F4F452F6288664EF003BB557 /* UserStatusView.swift in Sources */,
				F4F452EF288661E1003BB557 /* AuthenticationService.swift in Sources */,
				685F0766F36468F3D5A5A991 /* SignInView.swift in Sources */,
				F4D6B71B28875FED00C13EBF /* NewCardForm.swift in Sources */,
				F4F452F928866FC1003BB557 /* CardListView.Model.swift in Sources */,
				F4F452FD2886714D003BB557 /* CardView.swift in Sources */,
				F4D6B71D2887621400C13EBF /* CardListView.swift in Sources */,
				F4F452FB28867082003BB557 /* CardView.Model.swift in Sources */,
			);
			runOnlyForDeploymentPostprocessing = 0;
		};
/* End PBXSourcesBuildPhase section */

/* Begin XCBuildConfiguration section */
		F4F452DE28864581003BB557 /* Debug */ = {
			isa = XCBuildConfiguration;
			buildSettings = {
				ALWAYS_SEARCH_USER_PATHS = NO;
				CLANG_ANALYZER_NONNULL = YES;
				CLANG_ANALYZER_NUMBER_OBJECT_CONVERSION = YES_AGGRESSIVE;
				CLANG_CXX_LANGUAGE_STANDARD = "gnu++17";
				CLANG_ENABLE_MODULES = YES;
				CLANG_ENABLE_OBJC_ARC = YES;
				CLANG_ENABLE_OBJC_WEAK = YES;
				CLANG_WARN_BLOCK_CAPTURE_AUTORELEASING = YES;
				CLANG_WARN_BOOL_CONVERSION = YES;
				CLANG_WARN_COMMA = YES;
				CLANG_WARN_CONSTANT_CONVERSION = YES;
				CLANG_WARN_DEPRECATED_OBJC_IMPLEMENTATIONS = YES;
				CLANG_WARN_DIRECT_OBJC_ISA_USAGE = YES_ERROR;
				CLANG_WARN_DOCUMENTATION_COMMENTS = YES;
				CLANG_WARN_EMPTY_BODY = YES;
				CLANG_WARN_ENUM_CONVERSION = YES;
				CLANG_WARN_INFINITE_RECURSION = YES;
				CLANG_WARN_INT_CONVERSION = YES;
				CLANG_WARN_NON_LITERAL_NULL_CONVERSION = YES;
				CLANG_WARN_OBJC_IMPLICIT_RETAIN_SELF = YES;
				CLANG_WARN_OBJC_LITERAL_CONVERSION = YES;
				CLANG_WARN_OBJC_ROOT_CLASS = YES_ERROR;
				CLANG_WARN_QUOTED_INCLUDE_IN_FRAMEWORK_HEADER = YES;
				CLANG_WARN_RANGE_LOOP_ANALYSIS = YES;
				CLANG_WARN_STRICT_PROTOTYPES = YES;
				CLANG_WARN_SUSPICIOUS_MOVE = YES;
				CLANG_WARN_UNGUARDED_AVAILABILITY = YES_AGGRESSIVE;
				CLANG_WARN_UNREACHABLE_CODE = YES;
				CLANG_WARN__DUPLICATE_METHOD_MATCH = YES;
				COPY_PHASE_STRIP = NO;
				DEBUG_INFORMATION_FORMAT = dwarf;
				ENABLE_STRICT_OBJC_MSGSEND = YES;
				ENABLE_TESTABILITY = YES;
				GCC_C_LANGUAGE_STANDARD = gnu11;
				GCC_DYNAMIC_NO_PIC = NO;
				GCC_NO_COMMON_BLOCKS = YES;
				GCC_OPTIMIZATION_LEVEL = 0;
				GCC_PREPROCESSOR_DEFINITIONS = (
					"DEBUG=1",
					"$(inherited)",
				);
				GCC_WARN_64_TO_32_BIT_CONVERSION = YES;
				GCC_WARN_ABOUT_RETURN_TYPE = YES_ERROR;
				GCC_WARN_UNDECLARED_SELECTOR = YES;
				GCC_WARN_UNINITIALIZED_AUTOS = YES_AGGRESSIVE;
				GCC_WARN_UNUSED_FUNCTION = YES;
				GCC_WARN_UNUSED_VARIABLE = YES;
				IPHONEOS_DEPLOYMENT_TARGET = 15.5;
				MTL_ENABLE_DEBUG_INFO = INCLUDE_SOURCE;
				MTL_FAST_MATH = YES;
				ONLY_ACTIVE_ARCH = YES;
				SDKROOT = iphoneos;
				SWIFT_ACTIVE_COMPILATION_CONDITIONS = DEBUG;
				SWIFT_OPTIMIZATION_LEVEL = "-Onone";
			};
			name = Debug;
		};
		F4F452DF28864581003BB557 /* Release */ = {
			isa = XCBuildConfiguration;
			buildSettings = {
				ALWAYS_SEARCH_USER_PATHS = NO;
				CLANG_ANALYZER_NONNULL = YES;
				CLANG_ANALYZER_NUMBER_OBJECT_CONVERSION = YES_AGGRESSIVE;
				CLANG_CXX_LANGUAGE_STANDARD = "gnu++17";
				CLANG_ENABLE_MODULES = YES;
				CLANG_ENABLE_OBJC_ARC = YES;
				CLANG_ENABLE_OBJC_WEAK = YES;
				CLANG_WARN_BLOCK_CAPTURE_AUTORELEASING = YES;
				CLANG_WARN_BOOL_CONVERSION = YES;
				CLANG_WARN_COMMA = YES;
				CLANG_WARN_CONSTANT_CONVERSION = YES;
				CLANG_WARN_DEPRECATED_OBJC_IMPLEMENTATIONS = YES;
				CLANG_WARN_DIRECT_OBJC_ISA_USAGE = YES_ERROR;
				CLANG_WARN_DOCUMENTATION_COMMENTS = YES;
				CLANG_WARN_EMPTY_BODY = YES;
				CLANG_WARN_ENUM_CONVERSION = YES;
				CLANG_WARN_INFINITE_RECURSION = YES;
				CLANG_WARN_INT_CONVERSION = YES;
				CLANG_WARN_NON_LITERAL_NULL_CONVERSION = YES;
				CLANG_WARN_OBJC_IMPLICIT_RETAIN_SELF = YES;
				CLANG_WARN_OBJC_LITERAL_CONVERSION = YES;
				CLANG_WARN_OBJC_ROOT_CLASS = YES_ERROR;
				CLANG_WARN_QUOTED_INCLUDE_IN_FRAMEWORK_HEADER = YES;
				CLANG_WARN_RANGE_LOOP_ANALYSIS = YES;
				CLANG_WARN_STRICT_PROTOTYPES = YES;
				CLANG_WARN_SUSPICIOUS_MOVE = YES;
				CLANG_WARN_UNGUARDED_AVAILABILITY = YES_AGGRESSIVE;
				CLANG_WARN_UNREACHABLE_CODE = YES;
				CLANG_WARN__DUPLICATE_METHOD_MATCH = YES;
				COPY_PHASE_STRIP = NO;
				DEBUG_INFORMATION_FORMAT = "dwarf-with-dsym";
				ENABLE_NS_ASSERTIONS = NO;
				ENABLE_STRICT_OBJC_MSGSEND = YES;
				GCC_C_LANGUAGE_STANDARD = gnu11;
				GCC_NO_COMMON_BLOCKS = YES;
				GCC_WARN_64_TO_32_BIT_CONVERSION = YES;
				GCC_WARN_ABOUT_RETURN_TYPE = YES_ERROR;
				GCC_WARN_UNDECLARED_SELECTOR = YES;
				GCC_WARN_UNINITIALIZED_AUTOS = YES_AGGRESSIVE;
				GCC_WARN_UNUSED_FUNCTION = YES;
				GCC_WARN_UNUSED_VARIABLE = YES;
				IPHONEOS_DEPLOYMENT_TARGET = 15.5;
				MTL_ENABLE_DEBUG_INFO = NO;
				MTL_FAST_MATH = YES;
				SDKROOT = iphoneos;
				SWIFT_COMPILATION_MODE = wholemodule;
				SWIFT_OPTIMIZATION_LEVEL = "-O";
				VALIDATE_PRODUCT = YES;
			};
			name = Release;
		};
		F4F452E128864581003BB557 /* Debug */ = {
			isa = XCBuildConfiguration;
			buildSettings = {
				ASSETCATALOG_COMPILER_APPICON_NAME = AppIcon;
				ASSETCATALOG_COMPILER_GLOBAL_ACCENT_COLOR_NAME = AccentColor;
				CODE_SIGN_STYLE = Automatic;
				CURRENT_PROJECT_VERSION = 1;
				DEVELOPMENT_ASSET_PATHS = "\"CloudCards/Preview Content\"";
				DEVELOPMENT_TEAM = 4SKJAJR837;
				ENABLE_PREVIEWS = YES;
				GENERATE_INFOPLIST_FILE = YES;
				INFOPLIST_KEY_UIApplicationSceneManifest_Generation = YES;
				INFOPLIST_KEY_UIApplicationSupportsIndirectInputEvents = YES;
				INFOPLIST_KEY_UILaunchScreen_Generation = YES;
				INFOPLIST_KEY_UISupportedInterfaceOrientations_iPad = "UIInterfaceOrientationPortrait UIInterfaceOrientationPortraitUpsideDown UIInterfaceOrientationLandscapeLeft UIInterfaceOrientationLandscapeRight";
				INFOPLIST_KEY_UISupportedInterfaceOrientations_iPhone = "UIInterfaceOrientationPortrait UIInterfaceOrientationLandscapeLeft UIInterfaceOrientationLandscapeRight";
				LD_RUNPATH_SEARCH_PATHS = (
					"$(inherited)",
					"@executable_path/Frameworks",
				);
				MARKETING_VERSION = 1.0;
				PRODUCT_BUNDLE_IDENTIFIER = com.poddlybonk.CloudCards;
				PRODUCT_NAME = "$(TARGET_NAME)";
				SWIFT_EMIT_LOC_STRINGS = YES;
				SWIFT_VERSION = 5.0;
				TARGETED_DEVICE_FAMILY = "1,2";
			};
			name = Debug;
		};
		F4F452E228864581003BB557 /* Release */ = {
			isa = XCBuildConfiguration;
			buildSettings = {
				ASSETCATALOG_COMPILER_APPICON_NAME = AppIcon;
				ASSETCATALOG_COMPILER_GLOBAL_ACCENT_COLOR_NAME = AccentColor;
				CODE_SIGN_STYLE = Automatic;
				CURRENT_PROJECT_VERSION = 1;
				DEVELOPMENT_ASSET_PATHS = "\"CloudCards/Preview Content\"";
				DEVELOPMENT_TEAM = 4SKJAJR837;
				ENABLE_PREVIEWS = YES;
				GENERATE_INFOPLIST_FILE = YES;
				INFOPLIST_KEY_UIApplicationSceneManifest_Generation = YES;
				INFOPLIST_KEY_UIApplicationSupportsIndirectInputEvents = YES;
				INFOPLIST_KEY_UILaunchScreen_Generation = YES;
				INFOPLIST_KEY_UISupportedInterfaceOrientations_iPad = "UIInterfaceOrientationPortrait UIInterfaceOrientationPortraitUpsideDown UIInterfaceOrientationLandscapeLeft UIInterfaceOrientationLandscapeRight";
				INFOPLIST_KEY_UISupportedInterfaceOrientations_iPhone = "UIInterfaceOrientationPortrait UIInterfaceOrientationLandscapeLeft UIInterfaceOrientationLandscapeRight";
				LD_RUNPATH_SEARCH_PATHS = (
					"$(inherited)",
					"@executable_path/Frameworks",
				);
				MARKETING_VERSION = 1.0;
				PRODUCT_BUNDLE_IDENTIFIER = com.poddlybonk.CloudCards;
				PRODUCT_NAME = "$(TARGET_NAME)";
				SWIFT_EMIT_LOC_STRINGS = YES;
				SWIFT_VERSION = 5.0;
				TARGETED_DEVICE_FAMILY = "1,2";
			};
			name = Release;
		};
/* End XCBuildConfiguration section */

/* Begin XCConfigurationList section */
		F4F452CD28864580003BB557 /* Build configuration list for PBXProject "CloudCards" */ = {
			isa = XCConfigurationList;
			buildConfigurations = (
				F4F452DE28864581003BB557 /* Debug */,
				F4F452DF28864581003BB557 /* Release */,
			);
			defaultConfigurationIsVisible = 0;
			defaultConfigurationName = Release;
		};
		F4F452E028864581003BB557 /* Build configuration list for PBXNativeTarget "CloudCards" */ = {
			isa = XCConfigurationList;
			buildConfigurations = (
				F4F452E128864581003BB557 /* Debug */,
				F4F452E228864581003BB557 /* Release */,
			);
			defaultConfigurationIsVisible = 0;
			defaultConfigurationName = Release;
		};
/* End XCConfigurationList section */
	};
	rootObject = F4F452CA28864580003BB557 /* Project object */;
}
